# THIS IS AN AUTOGENERATED FILE. DO NOT EDIT THIS FILE DIRECTLY.
# yarn lockfile v1


"@ronomon/direct-io@3.0.1":
  "integrity" "sha512-NkKB32bjq7RfMdAMiWayphMlVWzsfPiKelK+btXLqggv1vDVgv2xELqeo0z4uYLLt86fVReLPxQj7qpg0zWvow=="
  "resolved" "https://registry.npmjs.org/@ronomon/direct-io/-/direct-io-3.0.1.tgz"
  "version" "3.0.1"
  dependencies:
    "@ronomon/queue" "^3.0.1"

"@ronomon/queue@^3.0.1":
  "integrity" "sha512-STcqSvk+c7ArMrZgYxhM92p6O6F7t0SUbGr+zm8s9fJple5EdJAMwP3dXqgdXeF95xWhBpha5kjEqNAIdI0r4w=="
  "resolved" "https://registry.npmjs.org/@ronomon/queue/-/queue-3.0.1.tgz"
  "version" "3.0.1"

"@types/w3c-web-usb@1.0.6":
  "integrity" "sha512-cSjhgrr8g4KbPnnijAr/KJDNKa/bBa+ixYkywFRvrhvi9n1WEl7yYbtRyzE6jqNQiSxxJxoAW3STaOQwJHndaw=="
  "resolved" "https://registry.npmjs.org/@types/w3c-web-usb/-/w3c-web-usb-1.0.6.tgz"
  "version" "1.0.6"

"bindings@^1.3.0":
  "integrity" "sha512-p2q/t/mhvuOj/UeLlV6566GD/guowlr0hHxClI0W9m7MWYkL1F0hLo+0Aexs9HSPCtR1SXQ0TD3MMKrXZajbiQ=="
  "resolved" "https://registry.npmjs.org/bindings/-/bindings-1.5.0.tgz"
  "version" "1.5.0"
  dependencies:
    "file-uri-to-path" "1.0.0"

"bl@^3.0.0":
  "integrity" "sha512-EUAyP5UHU5hxF8BPT0LKW8gjYLhq1DQIcneOX/pL/m2Alo+OYDQAJlHq+yseMP50Os2nHXOSic6Ss3vSQeyf4A=="
  "resolved" "https://registry.npmjs.org/bl/-/bl-3.0.0.tgz"
  "version" "3.0.0"
  dependencies:
    "readable-stream" "^3.0.1"

"chownr@^1.1.1":
  "integrity" "sha512-i70fVHhmV3DtTl6nqvZOnIjbY0Pe4kAUjwHj8z0zAdgBtYrJyYwLKCCuRBQ5ppkyL0AkN7HKRnETdmdp1zqNXw=="
  "resolved" "https://registry.npmjs.org/chownr/-/chownr-1.1.3.tgz"
  "version" "1.1.3"

"debug@^4.3.4":
  "integrity" "sha512-PRWFHuSU3eDtQJPvnNY7Jcket1j0t5OuOsFzPPzsekD52Zl8qUfFIPEiswXqIvHWGVHOgX+7G/vCNNhehwxfkQ=="
  "resolved" "https://registry.npmjs.org/debug/-/debug-4.3.4.tgz"
  "version" "4.3.4"
  dependencies:
    "ms" "2.1.2"

"decompress-response@^6.0.0":
  "integrity" "sha512-aW35yZM6Bb/4oJlZncMH2LCoZtJXTRxES17vE3hoRiowU2kWHaJKFkSBDnDR+cm9J+9QhXmREyIfv0pji9ejCQ=="
  "resolved" "https://registry.npmjs.org/decompress-response/-/decompress-response-6.0.0.tgz"
  "version" "6.0.0"
  dependencies:
    "mimic-response" "^3.1.0"

"deep-extend@^0.6.0":
  "integrity" "sha512-LOHxIOaPYdHlJRtCQfDIVZtfw/ufM8+rVj649RIHzcm/vGwQRXFt6OPqIFWsm2XEMrNIEtWR64sY1LEKD2vAOA=="
  "resolved" "https://registry.npmjs.org/deep-extend/-/deep-extend-0.6.0.tgz"
  "version" "0.6.0"

"detect-libc@^2.0.0":
  "integrity" "sha512-463v3ZeIrcWtdgIg6vI6XUncguvr2TnGl4SzDXinkt9mSLpBJKXT3mW6xT3VQdDN11+WVs29pgvivTc4Lp8v+w=="
  "resolved" "https://registry.npmjs.org/detect-libc/-/detect-libc-2.0.1.tgz"
  "version" "2.0.1"

"drivelist@11.0.0":
  "integrity" "sha512-Mo1j1WyzQt8LU9UGnsarDTFYWXy0vs01xZVcn2zJfEcSMzZyE9djQtngxR7uk8rkWDDln0he0AwXqnAOapew9A=="
  "resolved" "https://registry.npmjs.org/drivelist/-/drivelist-11.0.0.tgz"
  "version" "11.0.0"
  dependencies:
    "bindings" "^1.3.0"
    "debug" "^4.3.4"
    "node-addon-api" "^5.0.0"
    "prebuild-install" "^7.1.0"

"end-of-stream@^1.1.0", "end-of-stream@^1.4.1":
  "integrity" "sha512-1MkrZNvWTKCaigbn+W15elq2BB/L22nqrSY5DKlo3X6+vclJm8Bb5djXJBmEX6fS3+zCh/F4VBK5Z2KxJt4s2Q=="
  "resolved" "https://registry.npmjs.org/end-of-stream/-/end-of-stream-1.4.1.tgz"
  "version" "1.4.1"
  dependencies:
    "once" "^1.4.0"

"expand-template@^2.0.3":
  "integrity" "sha512-XYfuKMvj4O35f/pOXLObndIRvyQ+/+6AhODh+OKWj9S9498pHHn/IMszH+gt0fBCRWMNfk1ZSp5x3AifmnI2vg=="
  "resolved" "https://registry.npmjs.org/expand-template/-/expand-template-2.0.3.tgz"
  "version" "2.0.3"

"file-uri-to-path@1.0.0":
  "integrity" "sha512-0Zt+s3L7Vf1biwWZ29aARiVYLx7iMGnEUl9x33fbB/j3jR81u/O2LbqK+Bm1CDSNDKVtJ/YjwY7TUd5SkeLQLw=="
  "resolved" "https://registry.npmjs.org/file-uri-to-path/-/file-uri-to-path-1.0.0.tgz"
  "version" "1.0.0"

"fs-constants@^1.0.0":
  "integrity" "sha512-y6OAwoSIf7FyjMIv94u+b5rdheZEjzR63GTyZJm5qh4Bi+2YgwLCcI/fPFZkL5PSixOt6ZNKm+w+Hfp/Bciwow=="
  "resolved" "https://registry.npmjs.org/fs-constants/-/fs-constants-1.0.0.tgz"
  "version" "1.0.0"

"github-from-package@0.0.0":
  "integrity" "sha1-l/tdlr/eiXMxPyDoKI75oWf6ZM4= sha512-SyHy3T1v2NUXn29OsWdxmK6RwHD+vkj3v8en8AOBZ1wBQ/hCAQ5bAQTD02kW4W9tUp/3Qh6J8r9EvntiyCmOOw=="
  "resolved" "https://registry.npmjs.org/github-from-package/-/github-from-package-0.0.0.tgz"
  "version" "0.0.0"

"inherits@^2.0.3":
  "integrity" "sha512-k/vGaX4/Yla3WzyMCvTQOXYeIHvqOKtnqBduzTHpzpQZzAskKMhZ2K+EnBiSM9zGSoIFeMpXKxa4dYeZIQqewQ=="
  "resolved" "https://registry.npmjs.org/inherits/-/inherits-2.0.4.tgz"
  "version" "2.0.4"

"ini@~1.3.0":
  "integrity" "sha512-JV/yugV2uzW5iMRSiZAyDtQd+nxtUnjeLt0acNdw98kKLrvuRVyB80tsREOE7yvGVgalhZ6RNXCmEHkUKBKxew=="
  "resolved" "https://registry.npmjs.org/ini/-/ini-1.3.8.tgz"
  "version" "1.3.8"

"keytar@7.9.0":
  "integrity" "sha512-VPD8mtVtm5JNtA2AErl6Chp06JBfy7diFQ7TQQhdpWOl6MrCRB+eRbvAZUsbGQS9kiMq0coJsy0W0vHpDCkWsQ=="
  "resolved" "https://registry.npmjs.org/keytar/-/keytar-7.9.0.tgz"
  "version" "7.9.0"
  dependencies:
    "node-addon-api" "^4.3.0"
    "prebuild-install" "^7.0.1"

"lru-cache@^6.0.0":
  "integrity" "sha512-Jo6dJ04CmSjuznwJSS3pUeWmd/H0ffTlkXXgwZi+eq1UCmqQwCh+eLsYOYCwY991i2Fah4h1BEMCx4qThGbsiA=="
  "resolved" "https://registry.npmjs.org/lru-cache/-/lru-cache-6.0.0.tgz"
  "version" "6.0.0"
  dependencies:
    "yallist" "^4.0.0"

"mimic-response@^3.1.0":
  "integrity" "sha512-z0yWI+4FDrrweS8Zmt4Ej5HdJmky15+L2e6Wgn3+iK5fWzb6T3fhNFq2+MeTRb064c6Wr4N/wv0DzQTjNzHNGQ=="
  "resolved" "https://registry.npmjs.org/mimic-response/-/mimic-response-3.1.0.tgz"
  "version" "3.1.0"

"minimist@^1.2.0", "minimist@^1.2.3":
  "integrity" "sha512-FM9nNUYrRBAELZQT3xeZQ7fmMOBg6nWNmJKTcgsJeaLstP/UODVpGsr5OhXhhXg6f+qtJ8uiZ+PUxkDWcgIXLw=="
  "resolved" "https://registry.npmjs.org/minimist/-/minimist-1.2.5.tgz"
  "version" "1.2.5"

"minimist@0.0.8":
  "integrity" "sha1-hX/Kv8M5fSYluCKCYuhqp6ARsF0= sha512-miQKw5Hv4NS1Psg2517mV4e4dYNaO3++hjAvLOAzKqZ61rH8NS1SK+vbfBWZ5PY/Me/bEWhUwqMghEW5Fb9T7Q=="
  "resolved" "https://registry.npmjs.org/minimist/-/minimist-0.0.8.tgz"
  "version" "0.0.8"

"mkdirp-classic@^0.5.3":
  "integrity" "sha512-gKLcREMhtuZRwRAfqP3RFW+TK4JqApVBtOIftVgjuABpAtpxhPGaDcfvbhNvD0B8iD1oUr/txX35NjcaY6Ns/A=="
  "resolved" "https://registry.npmjs.org/mkdirp-classic/-/mkdirp-classic-0.5.3.tgz"
  "version" "0.5.3"

"mkdirp@^0.5.1":
  "integrity" "sha1-MAV0OOrGz3+MR2fzhkjWaX11yQM= sha512-SknJC52obPfGQPnjIkXbmA6+5H15E+fR+E4iR2oQ3zzCLbd7/ONua69R/Gw7AgkTLsRG+r5fzksYwWe1AgTyWA=="
  "resolved" "https://registry.npmjs.org/mkdirp/-/mkdirp-0.5.1.tgz"
  "version" "0.5.1"
  dependencies:
    "minimist" "0.0.8"

"ms@2.1.2":
  "integrity" "sha512-sGkPx+VjMtmA6MX27oA4FBFELFCZZ4S4XqeGOXCv68tT+jb3vk/RyaKWP0PTKyWtmLSM0b+adUTEvbs1PEaH2w=="
  "resolved" "https://registry.npmjs.org/ms/-/ms-2.1.2.tgz"
  "version" "2.1.2"

"napi-build-utils@^1.0.1":
  "integrity" "sha512-boQj1WFgQH3v4clhu3mTNfP+vOBxorDlE8EKiMjUlLG3C4qAESnn9AxIOkFgTR2c9LtzNjPrjS60cT27ZKBhaA=="
  "resolved" "https://registry.npmjs.org/napi-build-utils/-/napi-build-utils-1.0.1.tgz"
  "version" "1.0.1"

"node-abi@^3.3.0":
  "integrity" "sha512-u4uAs/4Zzmp/jjsD9cyFYDXeISfUWaAVWshPmDZOFOv4Xl4SbzTXm53I04C2uRueYJ+0t5PEtLH/owbn2Npf/w=="
  "resolved" "https://registry.npmjs.org/node-abi/-/node-abi-3.22.0.tgz"
  "version" "3.22.0"
  dependencies:
    "semver" "^7.3.5"

"node-addon-api@^4.2.0":
  "integrity" "sha512-eazsqzwG2lskuzBqCGPi7Ac2UgOoMz8JVOXVhTvvPDYhthvNpefx8jWD8Np7Gv+2Sz0FlPWZk0nJV0z598Wn8Q=="
  "resolved" "https://registry.npmjs.org/node-addon-api/-/node-addon-api-4.2.0.tgz"
  "version" "4.2.0"

"node-addon-api@^4.3.0":
  "integrity" "sha512-73sE9+3UaLYYFmDsFZnqCInzPyh3MqIwZO9cw58yIqAZhONrrabrYyYe3TuIqtIiOuTXVhsGau8hcrhhwSsDIQ=="
  "resolved" "https://registry.npmjs.org/node-addon-api/-/node-addon-api-4.3.0.tgz"
  "version" "4.3.0"

"node-addon-api@^5.0.0":
  "integrity" "sha512-CvkDw2OEnme7ybCykJpVcKH+uAOLV2qLqiyla128dN9TkEWfrYmxG6C2boDe5KcNQqZF3orkqzGgOMvZ/JNekA=="
  "resolved" "https://registry.npmjs.org/node-addon-api/-/node-addon-api-5.0.0.tgz"
  "version" "5.0.0"

"node-gyp-build@^4.3.0":
  "integrity" "sha512-iWjXZvmboq0ja1pUGULQBexmxq8CV4xBhX7VDOTbL7ZR4FOowwY/VOtRxBN/yKxmdGoIp4j5ysNT4u3S2pDQ3Q=="
  "resolved" "https://registry.npmjs.org/node-gyp-build/-/node-gyp-build-4.3.0.tgz"
  "version" "4.3.0"

"once@^1.3.1", "once@^1.4.0":
  "integrity" "sha1-WDsap3WWHUsROsF9nFC6753Xa9E= sha512-lNaJgI+2Q5URQBkccEKHTQOPaXdUxnZZElQTZY0MFUAuaEqe1E+Nyvgdz/aIyNi6Z9MzO5dv1H8n58/GELp3+w=="
  "resolved" "https://registry.npmjs.org/once/-/once-1.4.0.tgz"
  "version" "1.4.0"
  dependencies:
    "wrappy" "1"

"prebuild-install@^7.0.1", "prebuild-install@^7.1.0":
  "integrity" "sha512-jAXscXWMcCK8GgCoHOfIr0ODh5ai8mj63L2nWrjuAgXE6tDyYGnx4/8o/rCgU+B4JSyZBKbeZqzhtwtC3ovxjw=="
  "resolved" "https://registry.npmjs.org/prebuild-install/-/prebuild-install-7.1.1.tgz"
  "version" "7.1.1"
  dependencies:
    "detect-libc" "^2.0.0"
    "expand-template" "^2.0.3"
    "github-from-package" "0.0.0"
    "minimist" "^1.2.3"
    "mkdirp-classic" "^0.5.3"
    "napi-build-utils" "^1.0.1"
    "node-abi" "^3.3.0"
    "pump" "^3.0.0"
    "rc" "^1.2.7"
    "simple-get" "^4.0.0"
    "tar-fs" "^2.0.0"
    "tunnel-agent" "^0.6.0"

"pump@^3.0.0":
  "integrity" "sha512-LwZy+p3SFs1Pytd/jYct4wpv49HiYCqd9Rlc5ZVdk0V+8Yzv6jR5Blk3TRmPL1ft69TxP0IMZGJ+WPFU2BFhww=="
  "resolved" "https://registry.npmjs.org/pump/-/pump-3.0.0.tgz"
  "version" "3.0.0"
  dependencies:
    "end-of-stream" "^1.1.0"
    "once" "^1.3.1"

"rc@^1.2.7":
  "integrity" "sha512-y3bGgqKj3QBdxLbLkomlohkvsA8gdAiUQlSBJnBhfn+BPxg4bc62d8TcBW15wavDfgexCgccckhcZvywyQYPOw=="
  "resolved" "https://registry.npmjs.org/rc/-/rc-1.2.8.tgz"
  "version" "1.2.8"
  dependencies:
    "deep-extend" "^0.6.0"
    "ini" "~1.3.0"
    "minimist" "^1.2.0"
    "strip-json-comments" "~2.0.1"

"readable-stream@^3.0.1", "readable-stream@^3.1.1":
  "integrity" "sha512-jItXPLmrSR8jmTRmRWJXCnGJsfy85mB3Wd/uINMXA65yrnFo0cPClFIUWzo2najVNSl+mx7/4W8ttlLWJe99pQ=="
  "resolved" "https://registry.npmjs.org/readable-stream/-/readable-stream-3.4.0.tgz"
  "version" "3.4.0"
  dependencies:
    "inherits" "^2.0.3"
    "string_decoder" "^1.1.1"
    "util-deprecate" "^1.0.1"

"safe-buffer@^5.0.1", "safe-buffer@~5.2.0":
  "integrity" "sha512-rp3So07KcdmmKbGvgaNxQSJr7bGVSVk5S9Eq1F+ppbRo70+YeaDxkw5Dd8NPN+GD6bjnYm2VuPuCXmpuYvmCXQ=="
  "resolved" "https://registry.npmjs.org/safe-buffer/-/safe-buffer-5.2.1.tgz"
  "version" "5.2.1"

"semver@^7.3.5":
  "integrity" "sha512-QlYTucUYOews+WeEujDoEGziz4K6c47V/Bd+LjSSYcA94p+DmINdf7ncaUinThfvZyu13lN9OY1XDxt8C0Tw0g=="
  "resolved" "https://registry.npmjs.org/semver/-/semver-7.3.7.tgz"
  "version" "7.3.7"
  dependencies:
    "lru-cache" "^6.0.0"

"simple-concat@^1.0.0":
  "integrity" "sha1-c0TLuLbib7J9ZrL8hvn21Zl1IcY= sha512-pgxq9iGMSS24atefsqEznXW1Te610qB4pwMdrEg6mxczHh7sPtPyiixkP/VaQic8JjZofnIvT7CDeKlHqfbPBg=="
  "resolved" "https://registry.npmjs.org/simple-concat/-/simple-concat-1.0.0.tgz"
  "version" "1.0.0"

"simple-get@^4.0.0":
  "integrity" "sha512-brv7p5WgH0jmQJr1ZDDfKDOSeWWg+OVypG99A/5vYGPqJ6pxiaHLy8nxtFjBA7oMa01ebA9gfh1uMCFqOuXxvA=="
  "resolved" "https://registry.npmjs.org/simple-get/-/simple-get-4.0.1.tgz"
  "version" "4.0.1"
  dependencies:
    "decompress-response" "^6.0.0"
    "once" "^1.3.1"
    "simple-concat" "^1.0.0"

"string_decoder@^1.1.1":
  "integrity" "sha512-hkRX8U1WjJFd8LsDJ2yQ/wWWxaopEsABU1XfkM8A+j0+85JAGppt16cr1Whg6KIbb4okU6Mql6BOj+uup/wKeA=="
  "resolved" "https://registry.npmjs.org/string_decoder/-/string_decoder-1.3.0.tgz"
  "version" "1.3.0"
  dependencies:
    "safe-buffer" "~5.2.0"

"strip-json-comments@~2.0.1":
  "integrity" "sha1-PFMZQukIwml8DsNEhYwobHygpgo= sha512-4gB8na07fecVVkOI6Rs4e7T6NOTki5EmL7TUduTs6bu3EdnSycntVJ4re8kgZA+wx9IueI2Y11bfbgwtzuE0KQ=="
  "resolved" "https://registry.npmjs.org/strip-json-comments/-/strip-json-comments-2.0.1.tgz"
  "version" "2.0.1"

"tar-fs@^2.0.0":
  "integrity" "sha512-vaY0obB6Om/fso8a8vakQBzwholQ7v5+uy+tF3Ozvxv1KNezmVQAiWtcNmMHFSFPqL3dJA8ha6gdtFbfX9mcxA=="
  "resolved" "https://registry.npmjs.org/tar-fs/-/tar-fs-2.0.0.tgz"
  "version" "2.0.0"
  dependencies:
    "chownr" "^1.1.1"
    "mkdirp" "^0.5.1"
    "pump" "^3.0.0"
    "tar-stream" "^2.0.0"

"tar-stream@^2.0.0":
  "integrity" "sha512-+DAn4Nb4+gz6WZigRzKEZl1QuJVOLtAwwF+WUxy1fJ6X63CaGaUAxJRD2KEn1OMfcbCjySTYpNC6WmfQoIEOdw=="
  "resolved" "https://registry.npmjs.org/tar-stream/-/tar-stream-2.1.0.tgz"
  "version" "2.1.0"
  dependencies:
    "bl" "^3.0.0"
    "end-of-stream" "^1.4.1"
    "fs-constants" "^1.0.0"
    "inherits" "^2.0.3"
    "readable-stream" "^3.1.1"

"tunnel-agent@^0.6.0":
  "integrity" "sha1-J6XeoGs2sEoKmWZ3SykIaPD8QP0= sha512-McnNiV1l8RYeY8tBgEpuodCC1mLUdbSN+CYBL7kJsJNInOP8UjDDEwdk6Mw60vdLLrr5NHKZhMAOSrR2NZuQ+w=="
  "resolved" "https://registry.npmjs.org/tunnel-agent/-/tunnel-agent-0.6.0.tgz"
  "version" "0.6.0"
  dependencies:
    "safe-buffer" "^5.0.1"

"usb@2.4.3":
  "integrity" "sha512-BmCjjxsriODcrb+TdXdzSDDys+MOUeRvo22ywmyIxYcuVW9YKrr2Wp2gQZUfHrQbvovKu87Po9mk5OPftJdDeQ=="
  "resolved" "https://registry.npmjs.org/usb/-/usb-2.4.3.tgz"
  "version" "2.4.3"
  dependencies:
    "@types/w3c-web-usb" "1.0.6"
    "node-addon-api" "^4.2.0"
    "node-gyp-build" "^4.3.0"

"util-deprecate@^1.0.1":
  "integrity" "sha1-RQ1Nyfpw3nMnYvvS1KKJgUGaDM8= sha512-EPD5q1uXyFxJpCrLnCc1nHnq3gOa6DZBocAIiI2TaSCA7VCJ1UJDMagCzIkXNsUYfD1daK//LTEQ8xiIbrHtcw=="
  "resolved" "https://registry.npmjs.org/util-deprecate/-/util-deprecate-1.0.2.tgz"
  "version" "1.0.2"

"wrappy@1":
  "integrity" "sha1-tSQ9jz7BqjXxNkYFvA0QNuMKtp8= sha512-l4Sp/DRseor9wL6EvV2+TuQn63dMkPjZ/sp9XkghTEbV9KlPS1xUsZ3u7/IQO4wxtcFB4bgpQPRcR3QCvezPcQ=="
  "resolved" "https://registry.npmjs.org/wrappy/-/wrappy-1.0.2.tgz"
  "version" "1.0.2"

"yallist@^4.0.0":
  "integrity" "sha512-3wdGidZyq5PB084XLES5TpOSRA3wjXAlIWMhum2kRcv/41Sn2emQ0dycQW4uZXLejwKvg6EsvbdlVL+FYEct7A=="
  "resolved" "https://registry.npmjs.org/yallist/-/yallist-4.0.0.tgz"
  "version" "4.0.0"
